{
  "name": "social",
  "lockfileVersion": 3,
  "requires": true,
  "packages": {
    "": {
      "dependencies": {
        "@tanstack/react-query": "^5.69.0",
        "dotenv": "^16.4.7"
      }
    },
    "node_modules/@tanstack/query-core": {
      "version": "5.69.0",
      "resolved": "https://registry.npmjs.org/@tanstack/query-core/-/query-core-5.69.0.tgz",
      "integrity": "sha512-Kn410jq6vs1P8Nm+ZsRj9H+U3C0kjuEkYLxbiCyn3MDEiYor1j2DGVULqAz62SLZtUZ/e9Xt6xMXiJ3NJ65WyQ==",
      "funding": {
        "type": "github",
        "url": "https://github.com/sponsors/tannerlinsley"
      }
    },
    "node_modules/@tanstack/react-query": {
      "version": "5.69.0",
      "resolved": "https://registry.npmjs.org/@tanstack/react-query/-/react-query-5.69.0.tgz",
      "integrity": "sha512-Ift3IUNQqTcaFa1AiIQ7WCb/PPy8aexZdq9pZWLXhfLcLxH0+PZqJ2xFImxCpdDZrFRZhLJrh76geevS5xjRhA==",
      "dependencies": {
        "@tanstack/query-core": "5.69.0"
      },
      "funding": {
        "type": "github",
        "url": "https://github.com/sponsors/tannerlinsley"
      },
      "peerDependencies": {
        "react": "^18 || ^19"
      }
    },
    "node_modules/dotenv": {
      "version": "16.4.7",
      "resolved": "https://registry.npmjs.org/dotenv/-/dotenv-16.4.7.tgz",
      "integrity": "sha512-47qPchRCykZC03FhkYAhrvwU4xDBFIj1QPqaarj6mdM/hgUzfPHcpkHJOn3mJAufFeeAxAzeGsr5X0M4k6fLZQ==",
      "engines": {
        "node": ">=12"
      },
      "funding": {
        "url": "https://dotenvx.com"
      }
    },
    "node_modules/react": {
      "version": "19.0.0",
      "resolved": "https://registry.npmjs.org/react/-/react-19.0.0.tgz",
      "integrity": "sha512-V8AVnmPIICiWpGfm6GLzCR/W5FXLchHop40W4nXBmdlEceh16rCN8O8LNWm5bh5XUX91fh7KpA+W0TgMKmgTpQ==",
      "peer": true,
      "engines": {
        "node": ">=0.10.0"
      }
    }
  }
}
